{
  "originHash" : "d2f98314e4c427f2619780c4300639e354f8c18210b34ef68f4a45ad7be30fed",
  "pins" : [
    {
      "identity" : "spcodebase",
      "kind" : "remoteSourceControl",
      "location" : "https://github.com/sepehrhm76/SPCodebase.git",
      "state" : {
        "branch" : "main",
        "revision" : "0b33c3d839e55cc9250795ff0c3cb5381b7c38bb"
      }
    }
  ],
  "version" : 3
}
